
Microsoft Visual Studio Solution File, Format Version 12.00
# Visual Studio Version 17
VisualStudioVersion = 17.4.33213.308
MinimumVisualStudioVersion = 10.0.40219.1
Project("{FAE04EC0-301F-11D3-BF4B-00C04F79EFBC}") = "Kinomedra", "Kinomedra\Kinomedra.csproj", "{BF22169D-FAC5-4728-BC48-81DEB4FC15F4}"
EndProject
Global
	GlobalSection(SolutionConfigurationPlatforms) = preSolution
		Debug|Any CPU = Debug|Any CPU
		Release|Any CPU = Release|Any CPU
	EndGlobalSection
	GlobalSection(ProjectConfigurationPlatforms) = postSolution
		{BF22169D-FAC5-4728-BC48-81DEB4FC15F4}.Debug|Any CPU.ActiveCfg = Debug|Any CPU
		{BF22169D-FAC5-4728-BC48-81DEB4FC15F4}.Debug|Any CPU.Build.0 = Debug|Any CPU
		{BF22169D-FAC5-4728-BC48-81DEB4FC15F4}.Release|Any CPU.ActiveCfg = Release|Any CPU
		{BF22169D-FAC5-4728-BC48-81DEB4FC15F4}.Release|Any CPU.Build.0 = Release|Any CPU
	EndGlobalSection
	GlobalSection(SolutionProperties) = preSolution
		HideSolutionNode = FALSE
	EndGlobalSection
	GlobalSection(ExtensibilityGlobals) = postSolution
		SolutionGuid = {CBD42886-8AB9-4417-97F4-13FB0536C89B}
	EndGlobalSection
EndGlobal
