
Microsoft Visual Studio Solution File, Format Version 12.00
# Visual Studio Version 17
VisualStudioVersion = 17.7.34024.191
MinimumVisualStudioVersion = 10.0.40219.1
Project("{9A19103F-16F7-4668-BE54-9A1E7A4F7556}") = "NOTEA", "NOTEA\NOTEA.csproj", "{36BD744E-556C-4E4D-9E20-D1FCF1A3A100}"
EndProject
Project("{9A19103F-16F7-4668-BE54-9A1E7A4F7556}") = "NoteaTests", "NoteaTests\NoteaTests.csproj", "{554C28E9-DC12-4209-9C35-F6618FB375F4}"
EndProject
Project("{FAE04EC0-301F-11D3-BF4B-00C04F79EFBC}") = "NoteaAPI", "NoteaAPI\NoteaAPI.csproj", "{9CEC27F6-BCE5-42F2-B89E-A8A87A01944B}"
EndProject
Global
	GlobalSection(SolutionConfigurationPlatforms) = preSolution
		Debug|Any CPU = Debug|Any CPU
		Release|Any CPU = Release|Any CPU
	EndGlobalSection
	GlobalSection(ProjectConfigurationPlatforms) = postSolution
		{36BD744E-556C-4E4D-9E20-D1FCF1A3A100}.Debug|Any CPU.ActiveCfg = Debug|Any CPU
		{36BD744E-556C-4E4D-9E20-D1FCF1A3A100}.Debug|Any CPU.Build.0 = Debug|Any CPU
		{36BD744E-556C-4E4D-9E20-D1FCF1A3A100}.Release|Any CPU.ActiveCfg = Release|Any CPU
		{36BD744E-556C-4E4D-9E20-D1FCF1A3A100}.Release|Any CPU.Build.0 = Release|Any CPU
		{554C28E9-DC12-4209-9C35-F6618FB375F4}.Debug|Any CPU.ActiveCfg = Debug|Any CPU
		{554C28E9-DC12-4209-9C35-F6618FB375F4}.Debug|Any CPU.Build.0 = Debug|Any CPU
		{554C28E9-DC12-4209-9C35-F6618FB375F4}.Release|Any CPU.ActiveCfg = Release|Any CPU
		{554C28E9-DC12-4209-9C35-F6618FB375F4}.Release|Any CPU.Build.0 = Release|Any CPU
		{9CEC27F6-BCE5-42F2-B89E-A8A87A01944B}.Debug|Any CPU.ActiveCfg = Debug|Any CPU
		{9CEC27F6-BCE5-42F2-B89E-A8A87A01944B}.Debug|Any CPU.Build.0 = Debug|Any CPU
		{9CEC27F6-BCE5-42F2-B89E-A8A87A01944B}.Release|Any CPU.ActiveCfg = Release|Any CPU
		{9CEC27F6-BCE5-42F2-B89E-A8A87A01944B}.Release|Any CPU.Build.0 = Release|Any CPU
	EndGlobalSection
	GlobalSection(SolutionProperties) = preSolution
		HideSolutionNode = FALSE
	EndGlobalSection
	GlobalSection(ExtensibilityGlobals) = postSolution
		SolutionGuid = {28CE2DEE-E13F-4E79-B016-69E50CE73551}
	EndGlobalSection
EndGlobal
